
Microsoft Visual Studio Solution File, Format Version 12.00
# Visual Studio Version 17
VisualStudioVersion = 17.0.31903.59
MinimumVisualStudioVersion = 10.0.40219.1
Project("{2150E333-8FDC-42A3-9474-1A3956D46DE8}") = "Alternative", "Alternative", "{AD1DF78B-209A-43BB-AC6B-2A2294F733DF}"
EndProject
Project("{FAE04EC0-301F-11D3-BF4B-00C04F79EFBC}") = "Delta.Romeo.G", "Alternative\Delta.Romeo.G\Delta.Romeo.G.csproj", "{2D9D36D2-3FC3-4160-9F9A-ACA8EA3FDADD}"
EndProject
Project("{2150E333-8FDC-42A3-9474-1A3956D46DE8}") = "Application", "Application", "{83ADAA76-CE69-429C-B296-82AC6321D4E6}"
EndProject
Project("{FAE04EC0-301F-11D3-BF4B-00C04F79EFBC}") = "Delta.Romeo", "Application\Delta.Romeo\Delta.Romeo.csproj", "{6C459262-73B0-42AA-9467-6B2FD25E64E9}"
EndProject
Project("{2150E333-8FDC-42A3-9474-1A3956D46DE8}") = "DemoWeb", "DemoWeb", "{68731CA6-A4A0-412A-B46F-E162B9BBBDF7}"
EndProject
Project("{FAE04EC0-301F-11D3-BF4B-00C04F79EFBC}") = "Romeo.DemoWebApp", "DemoWeb\Romeo.DemoWebApp\Romeo.DemoWebApp.csproj", "{C5591F7F-6944-45BD-BED8-88ABC9C232D5}"
EndProject
Project("{2150E333-8FDC-42A3-9474-1A3956D46DE8}") = "Exports", "Exports", "{6E52C357-F134-42B1-B3D0-5BBB597E68D5}"
EndProject
Project("{FAE04EC0-301F-11D3-BF4B-00C04F79EFBC}") = "Romeo.Delta.Web", "Exports\Romeo.Delta.Web\Romeo.Delta.Web.csproj", "{B14BD2E0-1E05-4E29-B625-35E3723C4F76}"
EndProject
Project("{FAE04EC0-301F-11D3-BF4B-00C04F79EFBC}") = "Romeo.Operations.Web", "Exports\Romeo.Operations.Web\Romeo.Operations.Web.csproj", "{EEC614F4-ED9D-492C-B97D-8C3BA84E971A}"
EndProject
Project("{FAE04EC0-301F-11D3-BF4B-00C04F79EFBC}") = "Romeo.Retool.Web", "Exports\Romeo.Retool.Web\Romeo.Retool.Web.csproj", "{859AD246-0934-4E4B-8CD2-F845B480E5F7}"
EndProject
Project("{2150E333-8FDC-42A3-9474-1A3956D46DE8}") = "Imports", "Imports", "{C87796C7-0804-46EB-A06A-2939856BB9F1}"
EndProject
Project("{FAE04EC0-301F-11D3-BF4B-00C04F79EFBC}") = "Romeo.Conversion", "Imports\Romeo.Conversion\Romeo.Conversion.csproj", "{5EC1593E-F9E7-4D0E-8994-D2CEFF0A215A}"
EndProject
Project("{FAE04EC0-301F-11D3-BF4B-00C04F79EFBC}") = "Romeo.Data.ElasticSearch", "Imports\Romeo.Data.ElasticSearch\Romeo.Data.ElasticSearch.csproj", "{B4C1EDC6-1035-4220-B9C6-08C769FD7EB0}"
EndProject
Project("{FAE04EC0-301F-11D3-BF4B-00C04F79EFBC}") = "Romeo.Data.Snowflake", "Imports\Romeo.Data.Snowflake\Romeo.Data.Snowflake.csproj", "{3A371613-4383-4B54-969B-D63E4C48C573}"
EndProject
Project("{FAE04EC0-301F-11D3-BF4B-00C04F79EFBC}") = "Romeo.Data.Sql", "Imports\Romeo.Data.Sql\Romeo.Data.Sql.csproj", "{6CEC8397-3D4B-4E68-946F-100A8F5CD6A1}"
EndProject
Project("{FAE04EC0-301F-11D3-BF4B-00C04F79EFBC}") = "Romeo.Encryption", "Imports\Romeo.Encryption\Romeo.Encryption.csproj", "{C62831CB-B594-44F7-B50A-22BC7E9E7114}"
EndProject
Project("{FAE04EC0-301F-11D3-BF4B-00C04F79EFBC}") = "Romeo.Generation", "Imports\Romeo.Generation\Romeo.Generation.csproj", "{397EF0CB-67AD-4942-8FAD-575E1D4D94AC}"
EndProject
Project("{FAE04EC0-301F-11D3-BF4B-00C04F79EFBC}") = "Romeo.Storage", "Imports\Romeo.Storage\Romeo.Storage.csproj", "{2D177321-E745-4542-AD3C-CC56D8833CD2}"
EndProject
Project("{FAE04EC0-301F-11D3-BF4B-00C04F79EFBC}") = "Romeo.Transmission", "Imports\Romeo.Transmission\Romeo.Transmission.csproj", "{ED6782EA-7E3F-4D35-92EC-2D2D08AC845C}"
EndProject
Project("{2150E333-8FDC-42A3-9474-1A3956D46DE8}") = "tools", "tools", "{8E7A9E99-88E9-4035-BD3C-2B42870A1CE4}"
EndProject
Project("{FAE04EC0-301F-11D3-BF4B-00C04F79EFBC}") = "Romeo.TestConsole", "tools\Romeo.TestConsole\Romeo.TestConsole.csproj", "{CC05C6D5-4238-4C37-85C7-76B2C9CDBD91}"
EndProject
Global
	GlobalSection(SolutionConfigurationPlatforms) = preSolution
		Debug|Any CPU = Debug|Any CPU
		Release|Any CPU = Release|Any CPU
	EndGlobalSection
	GlobalSection(SolutionProperties) = preSolution
		HideSolutionNode = FALSE
	EndGlobalSection
	GlobalSection(ProjectConfigurationPlatforms) = postSolution
		{2D9D36D2-3FC3-4160-9F9A-ACA8EA3FDADD}.Debug|Any CPU.ActiveCfg = Debug|Any CPU
		{2D9D36D2-3FC3-4160-9F9A-ACA8EA3FDADD}.Debug|Any CPU.Build.0 = Debug|Any CPU
		{2D9D36D2-3FC3-4160-9F9A-ACA8EA3FDADD}.Release|Any CPU.ActiveCfg = Release|Any CPU
		{2D9D36D2-3FC3-4160-9F9A-ACA8EA3FDADD}.Release|Any CPU.Build.0 = Release|Any CPU
		{6C459262-73B0-42AA-9467-6B2FD25E64E9}.Debug|Any CPU.ActiveCfg = Debug|Any CPU
		{6C459262-73B0-42AA-9467-6B2FD25E64E9}.Debug|Any CPU.Build.0 = Debug|Any CPU
		{6C459262-73B0-42AA-9467-6B2FD25E64E9}.Release|Any CPU.ActiveCfg = Release|Any CPU
		{6C459262-73B0-42AA-9467-6B2FD25E64E9}.Release|Any CPU.Build.0 = Release|Any CPU
		{C5591F7F-6944-45BD-BED8-88ABC9C232D5}.Debug|Any CPU.ActiveCfg = Debug|Any CPU
		{C5591F7F-6944-45BD-BED8-88ABC9C232D5}.Debug|Any CPU.Build.0 = Debug|Any CPU
		{C5591F7F-6944-45BD-BED8-88ABC9C232D5}.Release|Any CPU.ActiveCfg = Release|Any CPU
		{C5591F7F-6944-45BD-BED8-88ABC9C232D5}.Release|Any CPU.Build.0 = Release|Any CPU
		{B14BD2E0-1E05-4E29-B625-35E3723C4F76}.Debug|Any CPU.ActiveCfg = Debug|Any CPU
		{B14BD2E0-1E05-4E29-B625-35E3723C4F76}.Debug|Any CPU.Build.0 = Debug|Any CPU
		{B14BD2E0-1E05-4E29-B625-35E3723C4F76}.Release|Any CPU.ActiveCfg = Release|Any CPU
		{B14BD2E0-1E05-4E29-B625-35E3723C4F76}.Release|Any CPU.Build.0 = Release|Any CPU
		{EEC614F4-ED9D-492C-B97D-8C3BA84E971A}.Debug|Any CPU.ActiveCfg = Debug|Any CPU
		{EEC614F4-ED9D-492C-B97D-8C3BA84E971A}.Debug|Any CPU.Build.0 = Debug|Any CPU
		{EEC614F4-ED9D-492C-B97D-8C3BA84E971A}.Release|Any CPU.ActiveCfg = Release|Any CPU
		{EEC614F4-ED9D-492C-B97D-8C3BA84E971A}.Release|Any CPU.Build.0 = Release|Any CPU
		{859AD246-0934-4E4B-8CD2-F845B480E5F7}.Debug|Any CPU.ActiveCfg = Debug|Any CPU
		{859AD246-0934-4E4B-8CD2-F845B480E5F7}.Debug|Any CPU.Build.0 = Debug|Any CPU
		{859AD246-0934-4E4B-8CD2-F845B480E5F7}.Release|Any CPU.ActiveCfg = Release|Any CPU
		{859AD246-0934-4E4B-8CD2-F845B480E5F7}.Release|Any CPU.Build.0 = Release|Any CPU
		{5EC1593E-F9E7-4D0E-8994-D2CEFF0A215A}.Debug|Any CPU.ActiveCfg = Debug|Any CPU
		{5EC1593E-F9E7-4D0E-8994-D2CEFF0A215A}.Debug|Any CPU.Build.0 = Debug|Any CPU
		{5EC1593E-F9E7-4D0E-8994-D2CEFF0A215A}.Release|Any CPU.ActiveCfg = Release|Any CPU
		{5EC1593E-F9E7-4D0E-8994-D2CEFF0A215A}.Release|Any CPU.Build.0 = Release|Any CPU
		{B4C1EDC6-1035-4220-B9C6-08C769FD7EB0}.Debug|Any CPU.ActiveCfg = Debug|Any CPU
		{B4C1EDC6-1035-4220-B9C6-08C769FD7EB0}.Debug|Any CPU.Build.0 = Debug|Any CPU
		{B4C1EDC6-1035-4220-B9C6-08C769FD7EB0}.Release|Any CPU.ActiveCfg = Release|Any CPU
		{B4C1EDC6-1035-4220-B9C6-08C769FD7EB0}.Release|Any CPU.Build.0 = Release|Any CPU
		{3A371613-4383-4B54-969B-D63E4C48C573}.Debug|Any CPU.ActiveCfg = Debug|Any CPU
		{3A371613-4383-4B54-969B-D63E4C48C573}.Debug|Any CPU.Build.0 = Debug|Any CPU
		{3A371613-4383-4B54-969B-D63E4C48C573}.Release|Any CPU.ActiveCfg = Release|Any CPU
		{3A371613-4383-4B54-969B-D63E4C48C573}.Release|Any CPU.Build.0 = Release|Any CPU
		{6CEC8397-3D4B-4E68-946F-100A8F5CD6A1}.Debug|Any CPU.ActiveCfg = Debug|Any CPU
		{6CEC8397-3D4B-4E68-946F-100A8F5CD6A1}.Debug|Any CPU.Build.0 = Debug|Any CPU
		{6CEC8397-3D4B-4E68-946F-100A8F5CD6A1}.Release|Any CPU.ActiveCfg = Release|Any CPU
		{6CEC8397-3D4B-4E68-946F-100A8F5CD6A1}.Release|Any CPU.Build.0 = Release|Any CPU
		{C62831CB-B594-44F7-B50A-22BC7E9E7114}.Debug|Any CPU.ActiveCfg = Debug|Any CPU
		{C62831CB-B594-44F7-B50A-22BC7E9E7114}.Debug|Any CPU.Build.0 = Debug|Any CPU
		{C62831CB-B594-44F7-B50A-22BC7E9E7114}.Release|Any CPU.ActiveCfg = Release|Any CPU
		{C62831CB-B594-44F7-B50A-22BC7E9E7114}.Release|Any CPU.Build.0 = Release|Any CPU
		{397EF0CB-67AD-4942-8FAD-575E1D4D94AC}.Debug|Any CPU.ActiveCfg = Debug|Any CPU
		{397EF0CB-67AD-4942-8FAD-575E1D4D94AC}.Debug|Any CPU.Build.0 = Debug|Any CPU
		{397EF0CB-67AD-4942-8FAD-575E1D4D94AC}.Release|Any CPU.ActiveCfg = Release|Any CPU
		{397EF0CB-67AD-4942-8FAD-575E1D4D94AC}.Release|Any CPU.Build.0 = Release|Any CPU
		{2D177321-E745-4542-AD3C-CC56D8833CD2}.Debug|Any CPU.ActiveCfg = Debug|Any CPU
		{2D177321-E745-4542-AD3C-CC56D8833CD2}.Debug|Any CPU.Build.0 = Debug|Any CPU
		{2D177321-E745-4542-AD3C-CC56D8833CD2}.Release|Any CPU.ActiveCfg = Release|Any CPU
		{2D177321-E745-4542-AD3C-CC56D8833CD2}.Release|Any CPU.Build.0 = Release|Any CPU
		{ED6782EA-7E3F-4D35-92EC-2D2D08AC845C}.Debug|Any CPU.ActiveCfg = Debug|Any CPU
		{ED6782EA-7E3F-4D35-92EC-2D2D08AC845C}.Debug|Any CPU.Build.0 = Debug|Any CPU
		{ED6782EA-7E3F-4D35-92EC-2D2D08AC845C}.Release|Any CPU.ActiveCfg = Release|Any CPU
		{ED6782EA-7E3F-4D35-92EC-2D2D08AC845C}.Release|Any CPU.Build.0 = Release|Any CPU
		{CC05C6D5-4238-4C37-85C7-76B2C9CDBD91}.Debug|Any CPU.ActiveCfg = Debug|Any CPU
		{CC05C6D5-4238-4C37-85C7-76B2C9CDBD91}.Debug|Any CPU.Build.0 = Debug|Any CPU
		{CC05C6D5-4238-4C37-85C7-76B2C9CDBD91}.Release|Any CPU.ActiveCfg = Release|Any CPU
		{CC05C6D5-4238-4C37-85C7-76B2C9CDBD91}.Release|Any CPU.Build.0 = Release|Any CPU
	EndGlobalSection
	GlobalSection(NestedProjects) = preSolution
		{2D9D36D2-3FC3-4160-9F9A-ACA8EA3FDADD} = {AD1DF78B-209A-43BB-AC6B-2A2294F733DF}
		{6C459262-73B0-42AA-9467-6B2FD25E64E9} = {83ADAA76-CE69-429C-B296-82AC6321D4E6}
		{C5591F7F-6944-45BD-BED8-88ABC9C232D5} = {68731CA6-A4A0-412A-B46F-E162B9BBBDF7}
		{B14BD2E0-1E05-4E29-B625-35E3723C4F76} = {6E52C357-F134-42B1-B3D0-5BBB597E68D5}
		{EEC614F4-ED9D-492C-B97D-8C3BA84E971A} = {6E52C357-F134-42B1-B3D0-5BBB597E68D5}
		{859AD246-0934-4E4B-8CD2-F845B480E5F7} = {6E52C357-F134-42B1-B3D0-5BBB597E68D5}
		{5EC1593E-F9E7-4D0E-8994-D2CEFF0A215A} = {C87796C7-0804-46EB-A06A-2939856BB9F1}
		{B4C1EDC6-1035-4220-B9C6-08C769FD7EB0} = {C87796C7-0804-46EB-A06A-2939856BB9F1}
		{3A371613-4383-4B54-969B-D63E4C48C573} = {C87796C7-0804-46EB-A06A-2939856BB9F1}
		{6CEC8397-3D4B-4E68-946F-100A8F5CD6A1} = {C87796C7-0804-46EB-A06A-2939856BB9F1}
		{C62831CB-B594-44F7-B50A-22BC7E9E7114} = {C87796C7-0804-46EB-A06A-2939856BB9F1}
		{397EF0CB-67AD-4942-8FAD-575E1D4D94AC} = {C87796C7-0804-46EB-A06A-2939856BB9F1}
		{2D177321-E745-4542-AD3C-CC56D8833CD2} = {C87796C7-0804-46EB-A06A-2939856BB9F1}
		{ED6782EA-7E3F-4D35-92EC-2D2D08AC845C} = {C87796C7-0804-46EB-A06A-2939856BB9F1}
		{CC05C6D5-4238-4C37-85C7-76B2C9CDBD91} = {8E7A9E99-88E9-4035-BD3C-2B42870A1CE4}
	EndGlobalSection
EndGlobal
