
Microsoft Visual Studio Solution File, Format Version 12.00
# Visual Studio Version 17
VisualStudioVersion = 17.0.31903.59
MinimumVisualStudioVersion = 10.0.40219.1
Project("{2150E333-8FDC-42A3-9474-1A3956D46DE8}") = "Application", "Application", "{CE04249F-18D6-4459-AA0D-0ED042996A67}"
EndProject
Project("{FAE04EC0-301F-11D3-BF4B-00C04F79EFBC}") = "Degreed.Reporting.Core", "Application\Degreed.Reporting.Core\Degreed.Reporting.Core.csproj", "{573782C5-8B48-49C3-B4C6-6882B51A869E}"
EndProject
Project("{2150E333-8FDC-42A3-9474-1A3956D46DE8}") = "Test", "Test", "{7FB30E5A-0F7D-4F4D-968B-012A8FF7F3DE}"
EndProject
Project("{2150E333-8FDC-42A3-9474-1A3956D46DE8}") = "Unit", "Unit", "{A7B6F7D9-DD7C-498E-A922-5A653E6B2E9F}"
EndProject
Project("{FAE04EC0-301F-11D3-BF4B-00C04F79EFBC}") = "Degreed.Reporting.Core.Test", "Test\Unit\Degreed.Reporting.Core.Test\Degreed.Reporting.Core.Test.csproj", "{CEA32716-7CC2-4E3D-B76D-1EBB115DE084}"
EndProject
Project("{2150E333-8FDC-42A3-9474-1A3956D46DE8}") = "Exports", "Exports", "{D91D6917-A5F0-48ED-AD00-52AFBFEEB11E}"
EndProject
Project("{FAE04EC0-301F-11D3-BF4B-00C04F79EFBC}") = "Reporting.Degreed.Web", "Exports\Reporting.Degreed.Web\Reporting.Degreed.Web.csproj", "{DF9E9B2F-D495-4395-B939-22368FC771D1}"
EndProject
Project("{FAE04EC0-301F-11D3-BF4B-00C04F79EFBC}") = "Reporting.Degreed.Web.Test", "Test\Unit\Reporting.Degreed.Web.Test\Reporting.Degreed.Web.Test.csproj", "{1476D06F-6599-45F2-80DE-824C4D42E1A9}"
EndProject
Project("{FAE04EC0-301F-11D3-BF4B-00C04F79EFBC}") = "Reporting.Operations.Web", "Exports\Reporting.Operations.Web\Reporting.Operations.Web.csproj", "{4CB1FF8B-A77A-498B-A249-C9BB26A899C1}"
EndProject
Project("{FAE04EC0-301F-11D3-BF4B-00C04F79EFBC}") = "Reporting.Operations.Web.Test", "Test\Unit\Reporting.Operations.Web.Test\Reporting.Operations.Web.Test.csproj", "{3A2BF853-D9AB-455C-9295-794FD3EFB64B}"
EndProject
Project("{FAE04EC0-301F-11D3-BF4B-00C04F79EFBC}") = "Reporting.Retool.Web", "Exports\Reporting.Retool.Web\Reporting.Retool.Web.csproj", "{9BF32CD9-C95E-4DD8-9F06-A8F4EE641693}"
EndProject
Project("{FAE04EC0-301F-11D3-BF4B-00C04F79EFBC}") = "Reporting.Retool.Web.Test", "Test\Unit\Reporting.Retool.Web.Test\Reporting.Retool.Web.Test.csproj", "{B780DA69-779C-4B89-A638-76B370A6CBB0}"
EndProject
Project("{2150E333-8FDC-42A3-9474-1A3956D46DE8}") = "Imports", "Imports", "{7237C2E6-5270-4169-B192-6FA1F983695E}"
EndProject
Project("{FAE04EC0-301F-11D3-BF4B-00C04F79EFBC}") = "Reporting.Transmission", "Imports\Reporting.Transmission\Reporting.Transmission.csproj", "{F69ABE15-DA07-428A-80FA-50CF820729EE}"
EndProject
Project("{FAE04EC0-301F-11D3-BF4B-00C04F79EFBC}") = "Reporting.Transmission.Test", "Test\Unit\Reporting.Transmission.Test\Reporting.Transmission.Test.csproj", "{79CEDB89-F572-4C76-9C30-FB8613826B46}"
EndProject
Project("{FAE04EC0-301F-11D3-BF4B-00C04F79EFBC}") = "Reporting.Encryption", "Imports\Reporting.Encryption\Reporting.Encryption.csproj", "{E26778E9-0BEA-4D2D-9757-5E70DA41816D}"
EndProject
Project("{FAE04EC0-301F-11D3-BF4B-00C04F79EFBC}") = "Reporting.Encryption.Test", "Test\Unit\Reporting.Encryption.Test\Reporting.Encryption.Test.csproj", "{2730929A-0BCA-433B-9266-7024AAFE1CC1}"
EndProject
Project("{FAE04EC0-301F-11D3-BF4B-00C04F79EFBC}") = "Reporting.Conversion", "Imports\Reporting.Conversion\Reporting.Conversion.csproj", "{E33D2F8B-102A-4874-B29C-D4AC32335A03}"
EndProject
Project("{FAE04EC0-301F-11D3-BF4B-00C04F79EFBC}") = "Reporting.Conversion.Test", "Test\Unit\Reporting.Conversion.Test\Reporting.Conversion.Test.csproj", "{E5EF8087-3107-456A-940C-7C2E7CC87E4B}"
EndProject
Project("{FAE04EC0-301F-11D3-BF4B-00C04F79EFBC}") = "Reporting.Storage", "Imports\Reporting.Storage\Reporting.Storage.csproj", "{78185541-8F25-4263-8E66-1935A80BFAD9}"
EndProject
Project("{FAE04EC0-301F-11D3-BF4B-00C04F79EFBC}") = "Reporting.Storage.Test", "Test\Unit\Reporting.Storage.Test\Reporting.Storage.Test.csproj", "{025DA128-1269-44AA-B7BD-B9CA2BC169A7}"
EndProject
Project("{FAE04EC0-301F-11D3-BF4B-00C04F79EFBC}") = "Reporting.Generation", "Imports\Reporting.Generation\Reporting.Generation.csproj", "{B07F1A4B-1D0B-42CC-8365-70D658035551}"
EndProject
Project("{FAE04EC0-301F-11D3-BF4B-00C04F79EFBC}") = "Reporting.Generation.Test", "Test\Unit\Reporting.Generation.Test\Reporting.Generation.Test.csproj", "{E46F2159-C82F-4905-BD62-85D309ED6C51}"
EndProject
Project("{FAE04EC0-301F-11D3-BF4B-00C04F79EFBC}") = "Reporting.Data.Sql", "Imports\Reporting.Data.Sql\Reporting.Data.Sql.csproj", "{04169FFA-2C09-47ED-8204-CB2BF980D723}"
EndProject
Project("{FAE04EC0-301F-11D3-BF4B-00C04F79EFBC}") = "Reporting.Data.Sql.Test", "Test\Unit\Reporting.Data.Sql.Test\Reporting.Data.Sql.Test.csproj", "{49CFC717-F32E-4A21-B0BC-BA0ABDE3B1B2}"
EndProject
Project("{FAE04EC0-301F-11D3-BF4B-00C04F79EFBC}") = "Reporting.Data.Snowflake", "Imports\Reporting.Data.Snowflake\Reporting.Data.Snowflake.csproj", "{14BE7298-CCCD-4060-B28E-8E75A18A7406}"
EndProject
Project("{FAE04EC0-301F-11D3-BF4B-00C04F79EFBC}") = "Reporting.Data.Snowflake.Test", "Test\Unit\Reporting.Data.Snowflake.Test\Reporting.Data.Snowflake.Test.csproj", "{C30A4E93-C665-48FB-BDAF-101F802676E4}"
EndProject
Project("{FAE04EC0-301F-11D3-BF4B-00C04F79EFBC}") = "Reporting.Data.ElasticSearch", "Imports\Reporting.Data.ElasticSearch\Reporting.Data.ElasticSearch.csproj", "{69E4CC95-4DA6-4D51-A4AE-E1B91FED379A}"
EndProject
Project("{FAE04EC0-301F-11D3-BF4B-00C04F79EFBC}") = "Reporting.Data.ElasticSearch.Test", "Test\Unit\Reporting.Data.ElasticSearch.Test\Reporting.Data.ElasticSearch.Test.csproj", "{186203F7-382D-4A6C-B4FD-D50B0425F55F}"
EndProject
Project("{2150E333-8FDC-42A3-9474-1A3956D46DE8}") = "Alternative", "Alternative", "{2BA209F2-30F1-450A-903C-101C84C43FB3}"
EndProject
Project("{FAE04EC0-301F-11D3-BF4B-00C04F79EFBC}") = "Degreed.Reporting.Grpc", "Alternative\Degreed.Reporting.Grpc\Degreed.Reporting.Grpc.csproj", "{68A58EDF-8F2F-4227-ACFD-5C529B95DFC9}"
EndProject
Project("{FAE04EC0-301F-11D3-BF4B-00C04F79EFBC}") = "Degreed.Reporting.Grpc.Test", "Test\Unit\Degreed.Reporting.Grpc.Test\Degreed.Reporting.Grpc.Test.csproj", "{68315533-35F3-4C6F-8D49-5048909A10E1}"
EndProject
Project("{2150E333-8FDC-42A3-9474-1A3956D46DE8}") = "Tooling", "Tooling", "{5F27497C-393D-4C39-A460-4D8AF767F71A}"
EndProject
Project("{FAE04EC0-301F-11D3-BF4B-00C04F79EFBC}") = "Reporting.TestConsole", "Tooling\Reporting.TestConsole\Reporting.TestConsole.csproj", "{29A13EC7-1B80-4F50-99F4-55E704F03890}"
EndProject
Project("{FAE04EC0-301F-11D3-BF4B-00C04F79EFBC}") = "Reporting.Tooling.Web", "Tooling\Reporting.Tooling.Web\Reporting.Tooling.Web.csproj", "{918DC054-B898-455D-819B-991D8985F955}"
EndProject
Project("{FAE04EC0-301F-11D3-BF4B-00C04F79EFBC}") = "Reporting.Tooling.Web.Test", "Test\Unit\Reporting.Tooling.Web.Test\Reporting.Tooling.Web.Test.csproj", "{5C1D408F-E34B-4306-9BFB-F0188A1B0995}"
EndProject
Global
	GlobalSection(SolutionConfigurationPlatforms) = preSolution
		Debug|Any CPU = Debug|Any CPU
		Release|Any CPU = Release|Any CPU
	EndGlobalSection
	GlobalSection(SolutionProperties) = preSolution
		HideSolutionNode = FALSE
	EndGlobalSection
	GlobalSection(ProjectConfigurationPlatforms) = postSolution
		{573782C5-8B48-49C3-B4C6-6882B51A869E}.Debug|Any CPU.ActiveCfg = Debug|Any CPU
		{573782C5-8B48-49C3-B4C6-6882B51A869E}.Debug|Any CPU.Build.0 = Debug|Any CPU
		{573782C5-8B48-49C3-B4C6-6882B51A869E}.Release|Any CPU.ActiveCfg = Release|Any CPU
		{573782C5-8B48-49C3-B4C6-6882B51A869E}.Release|Any CPU.Build.0 = Release|Any CPU
		{CEA32716-7CC2-4E3D-B76D-1EBB115DE084}.Debug|Any CPU.ActiveCfg = Debug|Any CPU
		{CEA32716-7CC2-4E3D-B76D-1EBB115DE084}.Debug|Any CPU.Build.0 = Debug|Any CPU
		{CEA32716-7CC2-4E3D-B76D-1EBB115DE084}.Release|Any CPU.ActiveCfg = Release|Any CPU
		{CEA32716-7CC2-4E3D-B76D-1EBB115DE084}.Release|Any CPU.Build.0 = Release|Any CPU
		{DF9E9B2F-D495-4395-B939-22368FC771D1}.Debug|Any CPU.ActiveCfg = Debug|Any CPU
		{DF9E9B2F-D495-4395-B939-22368FC771D1}.Debug|Any CPU.Build.0 = Debug|Any CPU
		{DF9E9B2F-D495-4395-B939-22368FC771D1}.Release|Any CPU.ActiveCfg = Release|Any CPU
		{DF9E9B2F-D495-4395-B939-22368FC771D1}.Release|Any CPU.Build.0 = Release|Any CPU
		{1476D06F-6599-45F2-80DE-824C4D42E1A9}.Debug|Any CPU.ActiveCfg = Debug|Any CPU
		{1476D06F-6599-45F2-80DE-824C4D42E1A9}.Debug|Any CPU.Build.0 = Debug|Any CPU
		{1476D06F-6599-45F2-80DE-824C4D42E1A9}.Release|Any CPU.ActiveCfg = Release|Any CPU
		{1476D06F-6599-45F2-80DE-824C4D42E1A9}.Release|Any CPU.Build.0 = Release|Any CPU
		{4CB1FF8B-A77A-498B-A249-C9BB26A899C1}.Debug|Any CPU.ActiveCfg = Debug|Any CPU
		{4CB1FF8B-A77A-498B-A249-C9BB26A899C1}.Debug|Any CPU.Build.0 = Debug|Any CPU
		{4CB1FF8B-A77A-498B-A249-C9BB26A899C1}.Release|Any CPU.ActiveCfg = Release|Any CPU
		{4CB1FF8B-A77A-498B-A249-C9BB26A899C1}.Release|Any CPU.Build.0 = Release|Any CPU
		{3A2BF853-D9AB-455C-9295-794FD3EFB64B}.Debug|Any CPU.ActiveCfg = Debug|Any CPU
		{3A2BF853-D9AB-455C-9295-794FD3EFB64B}.Debug|Any CPU.Build.0 = Debug|Any CPU
		{3A2BF853-D9AB-455C-9295-794FD3EFB64B}.Release|Any CPU.ActiveCfg = Release|Any CPU
		{3A2BF853-D9AB-455C-9295-794FD3EFB64B}.Release|Any CPU.Build.0 = Release|Any CPU
		{9BF32CD9-C95E-4DD8-9F06-A8F4EE641693}.Debug|Any CPU.ActiveCfg = Debug|Any CPU
		{9BF32CD9-C95E-4DD8-9F06-A8F4EE641693}.Debug|Any CPU.Build.0 = Debug|Any CPU
		{9BF32CD9-C95E-4DD8-9F06-A8F4EE641693}.Release|Any CPU.ActiveCfg = Release|Any CPU
		{9BF32CD9-C95E-4DD8-9F06-A8F4EE641693}.Release|Any CPU.Build.0 = Release|Any CPU
		{B780DA69-779C-4B89-A638-76B370A6CBB0}.Debug|Any CPU.ActiveCfg = Debug|Any CPU
		{B780DA69-779C-4B89-A638-76B370A6CBB0}.Debug|Any CPU.Build.0 = Debug|Any CPU
		{B780DA69-779C-4B89-A638-76B370A6CBB0}.Release|Any CPU.ActiveCfg = Release|Any CPU
		{B780DA69-779C-4B89-A638-76B370A6CBB0}.Release|Any CPU.Build.0 = Release|Any CPU
		{F69ABE15-DA07-428A-80FA-50CF820729EE}.Debug|Any CPU.ActiveCfg = Debug|Any CPU
		{F69ABE15-DA07-428A-80FA-50CF820729EE}.Debug|Any CPU.Build.0 = Debug|Any CPU
		{F69ABE15-DA07-428A-80FA-50CF820729EE}.Release|Any CPU.ActiveCfg = Release|Any CPU
		{F69ABE15-DA07-428A-80FA-50CF820729EE}.Release|Any CPU.Build.0 = Release|Any CPU
		{79CEDB89-F572-4C76-9C30-FB8613826B46}.Debug|Any CPU.ActiveCfg = Debug|Any CPU
		{79CEDB89-F572-4C76-9C30-FB8613826B46}.Debug|Any CPU.Build.0 = Debug|Any CPU
		{79CEDB89-F572-4C76-9C30-FB8613826B46}.Release|Any CPU.ActiveCfg = Release|Any CPU
		{79CEDB89-F572-4C76-9C30-FB8613826B46}.Release|Any CPU.Build.0 = Release|Any CPU
		{E26778E9-0BEA-4D2D-9757-5E70DA41816D}.Debug|Any CPU.ActiveCfg = Debug|Any CPU
		{E26778E9-0BEA-4D2D-9757-5E70DA41816D}.Debug|Any CPU.Build.0 = Debug|Any CPU
		{E26778E9-0BEA-4D2D-9757-5E70DA41816D}.Release|Any CPU.ActiveCfg = Release|Any CPU
		{E26778E9-0BEA-4D2D-9757-5E70DA41816D}.Release|Any CPU.Build.0 = Release|Any CPU
		{2730929A-0BCA-433B-9266-7024AAFE1CC1}.Debug|Any CPU.ActiveCfg = Debug|Any CPU
		{2730929A-0BCA-433B-9266-7024AAFE1CC1}.Debug|Any CPU.Build.0 = Debug|Any CPU
		{2730929A-0BCA-433B-9266-7024AAFE1CC1}.Release|Any CPU.ActiveCfg = Release|Any CPU
		{2730929A-0BCA-433B-9266-7024AAFE1CC1}.Release|Any CPU.Build.0 = Release|Any CPU
		{E33D2F8B-102A-4874-B29C-D4AC32335A03}.Debug|Any CPU.ActiveCfg = Debug|Any CPU
		{E33D2F8B-102A-4874-B29C-D4AC32335A03}.Debug|Any CPU.Build.0 = Debug|Any CPU
		{E33D2F8B-102A-4874-B29C-D4AC32335A03}.Release|Any CPU.ActiveCfg = Release|Any CPU
		{E33D2F8B-102A-4874-B29C-D4AC32335A03}.Release|Any CPU.Build.0 = Release|Any CPU
		{E5EF8087-3107-456A-940C-7C2E7CC87E4B}.Debug|Any CPU.ActiveCfg = Debug|Any CPU
		{E5EF8087-3107-456A-940C-7C2E7CC87E4B}.Debug|Any CPU.Build.0 = Debug|Any CPU
		{E5EF8087-3107-456A-940C-7C2E7CC87E4B}.Release|Any CPU.ActiveCfg = Release|Any CPU
		{E5EF8087-3107-456A-940C-7C2E7CC87E4B}.Release|Any CPU.Build.0 = Release|Any CPU
		{78185541-8F25-4263-8E66-1935A80BFAD9}.Debug|Any CPU.ActiveCfg = Debug|Any CPU
		{78185541-8F25-4263-8E66-1935A80BFAD9}.Debug|Any CPU.Build.0 = Debug|Any CPU
		{78185541-8F25-4263-8E66-1935A80BFAD9}.Release|Any CPU.ActiveCfg = Release|Any CPU
		{78185541-8F25-4263-8E66-1935A80BFAD9}.Release|Any CPU.Build.0 = Release|Any CPU
		{025DA128-1269-44AA-B7BD-B9CA2BC169A7}.Debug|Any CPU.ActiveCfg = Debug|Any CPU
		{025DA128-1269-44AA-B7BD-B9CA2BC169A7}.Debug|Any CPU.Build.0 = Debug|Any CPU
		{025DA128-1269-44AA-B7BD-B9CA2BC169A7}.Release|Any CPU.ActiveCfg = Release|Any CPU
		{025DA128-1269-44AA-B7BD-B9CA2BC169A7}.Release|Any CPU.Build.0 = Release|Any CPU
		{B07F1A4B-1D0B-42CC-8365-70D658035551}.Debug|Any CPU.ActiveCfg = Debug|Any CPU
		{B07F1A4B-1D0B-42CC-8365-70D658035551}.Debug|Any CPU.Build.0 = Debug|Any CPU
		{B07F1A4B-1D0B-42CC-8365-70D658035551}.Release|Any CPU.ActiveCfg = Release|Any CPU
		{B07F1A4B-1D0B-42CC-8365-70D658035551}.Release|Any CPU.Build.0 = Release|Any CPU
		{E46F2159-C82F-4905-BD62-85D309ED6C51}.Debug|Any CPU.ActiveCfg = Debug|Any CPU
		{E46F2159-C82F-4905-BD62-85D309ED6C51}.Debug|Any CPU.Build.0 = Debug|Any CPU
		{E46F2159-C82F-4905-BD62-85D309ED6C51}.Release|Any CPU.ActiveCfg = Release|Any CPU
		{E46F2159-C82F-4905-BD62-85D309ED6C51}.Release|Any CPU.Build.0 = Release|Any CPU
		{04169FFA-2C09-47ED-8204-CB2BF980D723}.Debug|Any CPU.ActiveCfg = Debug|Any CPU
		{04169FFA-2C09-47ED-8204-CB2BF980D723}.Debug|Any CPU.Build.0 = Debug|Any CPU
		{04169FFA-2C09-47ED-8204-CB2BF980D723}.Release|Any CPU.ActiveCfg = Release|Any CPU
		{04169FFA-2C09-47ED-8204-CB2BF980D723}.Release|Any CPU.Build.0 = Release|Any CPU
		{49CFC717-F32E-4A21-B0BC-BA0ABDE3B1B2}.Debug|Any CPU.ActiveCfg = Debug|Any CPU
		{49CFC717-F32E-4A21-B0BC-BA0ABDE3B1B2}.Debug|Any CPU.Build.0 = Debug|Any CPU
		{49CFC717-F32E-4A21-B0BC-BA0ABDE3B1B2}.Release|Any CPU.ActiveCfg = Release|Any CPU
		{49CFC717-F32E-4A21-B0BC-BA0ABDE3B1B2}.Release|Any CPU.Build.0 = Release|Any CPU
		{14BE7298-CCCD-4060-B28E-8E75A18A7406}.Debug|Any CPU.ActiveCfg = Debug|Any CPU
		{14BE7298-CCCD-4060-B28E-8E75A18A7406}.Debug|Any CPU.Build.0 = Debug|Any CPU
		{14BE7298-CCCD-4060-B28E-8E75A18A7406}.Release|Any CPU.ActiveCfg = Release|Any CPU
		{14BE7298-CCCD-4060-B28E-8E75A18A7406}.Release|Any CPU.Build.0 = Release|Any CPU
		{C30A4E93-C665-48FB-BDAF-101F802676E4}.Debug|Any CPU.ActiveCfg = Debug|Any CPU
		{C30A4E93-C665-48FB-BDAF-101F802676E4}.Debug|Any CPU.Build.0 = Debug|Any CPU
		{C30A4E93-C665-48FB-BDAF-101F802676E4}.Release|Any CPU.ActiveCfg = Release|Any CPU
		{C30A4E93-C665-48FB-BDAF-101F802676E4}.Release|Any CPU.Build.0 = Release|Any CPU
		{69E4CC95-4DA6-4D51-A4AE-E1B91FED379A}.Debug|Any CPU.ActiveCfg = Debug|Any CPU
		{69E4CC95-4DA6-4D51-A4AE-E1B91FED379A}.Debug|Any CPU.Build.0 = Debug|Any CPU
		{69E4CC95-4DA6-4D51-A4AE-E1B91FED379A}.Release|Any CPU.ActiveCfg = Release|Any CPU
		{69E4CC95-4DA6-4D51-A4AE-E1B91FED379A}.Release|Any CPU.Build.0 = Release|Any CPU
		{186203F7-382D-4A6C-B4FD-D50B0425F55F}.Debug|Any CPU.ActiveCfg = Debug|Any CPU
		{186203F7-382D-4A6C-B4FD-D50B0425F55F}.Debug|Any CPU.Build.0 = Debug|Any CPU
		{186203F7-382D-4A6C-B4FD-D50B0425F55F}.Release|Any CPU.ActiveCfg = Release|Any CPU
		{186203F7-382D-4A6C-B4FD-D50B0425F55F}.Release|Any CPU.Build.0 = Release|Any CPU
		{68A58EDF-8F2F-4227-ACFD-5C529B95DFC9}.Debug|Any CPU.ActiveCfg = Debug|Any CPU
		{68A58EDF-8F2F-4227-ACFD-5C529B95DFC9}.Debug|Any CPU.Build.0 = Debug|Any CPU
		{68A58EDF-8F2F-4227-ACFD-5C529B95DFC9}.Release|Any CPU.ActiveCfg = Release|Any CPU
		{68A58EDF-8F2F-4227-ACFD-5C529B95DFC9}.Release|Any CPU.Build.0 = Release|Any CPU
		{68315533-35F3-4C6F-8D49-5048909A10E1}.Debug|Any CPU.ActiveCfg = Debug|Any CPU
		{68315533-35F3-4C6F-8D49-5048909A10E1}.Debug|Any CPU.Build.0 = Debug|Any CPU
		{68315533-35F3-4C6F-8D49-5048909A10E1}.Release|Any CPU.ActiveCfg = Release|Any CPU
		{68315533-35F3-4C6F-8D49-5048909A10E1}.Release|Any CPU.Build.0 = Release|Any CPU
		{29A13EC7-1B80-4F50-99F4-55E704F03890}.Debug|Any CPU.ActiveCfg = Debug|Any CPU
		{29A13EC7-1B80-4F50-99F4-55E704F03890}.Debug|Any CPU.Build.0 = Debug|Any CPU
		{29A13EC7-1B80-4F50-99F4-55E704F03890}.Release|Any CPU.ActiveCfg = Release|Any CPU
		{29A13EC7-1B80-4F50-99F4-55E704F03890}.Release|Any CPU.Build.0 = Release|Any CPU
		{918DC054-B898-455D-819B-991D8985F955}.Debug|Any CPU.ActiveCfg = Debug|Any CPU
		{918DC054-B898-455D-819B-991D8985F955}.Debug|Any CPU.Build.0 = Debug|Any CPU
		{918DC054-B898-455D-819B-991D8985F955}.Release|Any CPU.ActiveCfg = Release|Any CPU
		{918DC054-B898-455D-819B-991D8985F955}.Release|Any CPU.Build.0 = Release|Any CPU
		{5C1D408F-E34B-4306-9BFB-F0188A1B0995}.Debug|Any CPU.ActiveCfg = Debug|Any CPU
		{5C1D408F-E34B-4306-9BFB-F0188A1B0995}.Debug|Any CPU.Build.0 = Debug|Any CPU
		{5C1D408F-E34B-4306-9BFB-F0188A1B0995}.Release|Any CPU.ActiveCfg = Release|Any CPU
		{5C1D408F-E34B-4306-9BFB-F0188A1B0995}.Release|Any CPU.Build.0 = Release|Any CPU
	EndGlobalSection
	GlobalSection(NestedProjects) = preSolution
		{573782C5-8B48-49C3-B4C6-6882B51A869E} = {CE04249F-18D6-4459-AA0D-0ED042996A67}
		{A7B6F7D9-DD7C-498E-A922-5A653E6B2E9F} = {7FB30E5A-0F7D-4F4D-968B-012A8FF7F3DE}
		{CEA32716-7CC2-4E3D-B76D-1EBB115DE084} = {A7B6F7D9-DD7C-498E-A922-5A653E6B2E9F}
		{DF9E9B2F-D495-4395-B939-22368FC771D1} = {D91D6917-A5F0-48ED-AD00-52AFBFEEB11E}
		{1476D06F-6599-45F2-80DE-824C4D42E1A9} = {A7B6F7D9-DD7C-498E-A922-5A653E6B2E9F}
		{4CB1FF8B-A77A-498B-A249-C9BB26A899C1} = {D91D6917-A5F0-48ED-AD00-52AFBFEEB11E}
		{3A2BF853-D9AB-455C-9295-794FD3EFB64B} = {A7B6F7D9-DD7C-498E-A922-5A653E6B2E9F}
		{9BF32CD9-C95E-4DD8-9F06-A8F4EE641693} = {D91D6917-A5F0-48ED-AD00-52AFBFEEB11E}
		{B780DA69-779C-4B89-A638-76B370A6CBB0} = {A7B6F7D9-DD7C-498E-A922-5A653E6B2E9F}
		{F69ABE15-DA07-428A-80FA-50CF820729EE} = {7237C2E6-5270-4169-B192-6FA1F983695E}
		{79CEDB89-F572-4C76-9C30-FB8613826B46} = {A7B6F7D9-DD7C-498E-A922-5A653E6B2E9F}
		{E26778E9-0BEA-4D2D-9757-5E70DA41816D} = {7237C2E6-5270-4169-B192-6FA1F983695E}
		{2730929A-0BCA-433B-9266-7024AAFE1CC1} = {A7B6F7D9-DD7C-498E-A922-5A653E6B2E9F}
		{E33D2F8B-102A-4874-B29C-D4AC32335A03} = {7237C2E6-5270-4169-B192-6FA1F983695E}
		{E5EF8087-3107-456A-940C-7C2E7CC87E4B} = {A7B6F7D9-DD7C-498E-A922-5A653E6B2E9F}
		{78185541-8F25-4263-8E66-1935A80BFAD9} = {7237C2E6-5270-4169-B192-6FA1F983695E}
		{025DA128-1269-44AA-B7BD-B9CA2BC169A7} = {A7B6F7D9-DD7C-498E-A922-5A653E6B2E9F}
		{B07F1A4B-1D0B-42CC-8365-70D658035551} = {7237C2E6-5270-4169-B192-6FA1F983695E}
		{E46F2159-C82F-4905-BD62-85D309ED6C51} = {A7B6F7D9-DD7C-498E-A922-5A653E6B2E9F}
		{04169FFA-2C09-47ED-8204-CB2BF980D723} = {7237C2E6-5270-4169-B192-6FA1F983695E}
		{49CFC717-F32E-4A21-B0BC-BA0ABDE3B1B2} = {A7B6F7D9-DD7C-498E-A922-5A653E6B2E9F}
		{14BE7298-CCCD-4060-B28E-8E75A18A7406} = {7237C2E6-5270-4169-B192-6FA1F983695E}
		{C30A4E93-C665-48FB-BDAF-101F802676E4} = {A7B6F7D9-DD7C-498E-A922-5A653E6B2E9F}
		{69E4CC95-4DA6-4D51-A4AE-E1B91FED379A} = {7237C2E6-5270-4169-B192-6FA1F983695E}
		{186203F7-382D-4A6C-B4FD-D50B0425F55F} = {A7B6F7D9-DD7C-498E-A922-5A653E6B2E9F}
		{68A58EDF-8F2F-4227-ACFD-5C529B95DFC9} = {2BA209F2-30F1-450A-903C-101C84C43FB3}
		{68315533-35F3-4C6F-8D49-5048909A10E1} = {A7B6F7D9-DD7C-498E-A922-5A653E6B2E9F}
		{29A13EC7-1B80-4F50-99F4-55E704F03890} = {5F27497C-393D-4C39-A460-4D8AF767F71A}
		{918DC054-B898-455D-819B-991D8985F955} = {5F27497C-393D-4C39-A460-4D8AF767F71A}
		{5C1D408F-E34B-4306-9BFB-F0188A1B0995} = {A7B6F7D9-DD7C-498E-A922-5A653E6B2E9F}
	EndGlobalSection
EndGlobal
